
Microsoft Visual Studio Solution File, Format Version 12.00
# Visual Studio 15
VisualStudioVersion = 15.0.28307.168
MinimumVisualStudioVersion = 10.0.40219.1
Project("{FAE04EC0-301F-11D3-BF4B-00C04F79EFBC}") = "HelloWorld", "HelloWorld\HelloWorld.csproj", "{40C606B3-F978-4FF5-8241-BC5E5FE4225C}"
EndProject
Global
	GlobalSection(SolutionConfigurationPlatforms) = preSolution
		Debug|Any CPU = Debug|Any CPU
		Release|Any CPU = Release|Any CPU
	EndGlobalSection
	GlobalSection(ProjectConfigurationPlatforms) = postSolution
		{40C606B3-F978-4FF5-8241-BC5E5FE4225C}.Debug|Any CPU.ActiveCfg = Debug|Any CPU
		{40C606B3-F978-4FF5-8241-BC5E5FE4225C}.Debug|Any CPU.Build.0 = Debug|Any CPU
		{40C606B3-F978-4FF5-8241-BC5E5FE4225C}.Release|Any CPU.ActiveCfg = Release|Any CPU
		{40C606B3-F978-4FF5-8241-BC5E5FE4225C}.Release|Any CPU.Build.0 = Release|Any CPU
	EndGlobalSection
	GlobalSection(SolutionProperties) = preSolution
		HideSolutionNode = FALSE
	EndGlobalSection
	GlobalSection(ExtensibilityGlobals) = postSolution
		SolutionGuid = {48342D86-D078-4DCC-9AF4-E3A74598FB31}
	EndGlobalSection
EndGlobal
