
Microsoft Visual Studio Solution File, Format Version 12.00
# Visual Studio 15
VisualStudioVersion = 15.0.28307.271
MinimumVisualStudioVersion = 10.0.40219.1
Project("{FAE04EC0-301F-11D3-BF4B-00C04F79EFBC}") = "PowerBallSimulator", "PowerBallSimulator\PowerBallSimulator.csproj", "{FA845012-C10E-4678-B61E-5FABFC1A78B7}"
EndProject
Project("{FAE04EC0-301F-11D3-BF4B-00C04F79EFBC}") = "UnitTestProject1", "UnitTestProject1\UnitTestProject1.csproj", "{21FB5A9B-57A2-4030-858F-A1374E001115}"
EndProject
Global
	GlobalSection(SolutionConfigurationPlatforms) = preSolution
		Debug|Any CPU = Debug|Any CPU
		Release|Any CPU = Release|Any CPU
	EndGlobalSection
	GlobalSection(ProjectConfigurationPlatforms) = postSolution
		{FA845012-C10E-4678-B61E-5FABFC1A78B7}.Debug|Any CPU.ActiveCfg = Debug|Any CPU
		{FA845012-C10E-4678-B61E-5FABFC1A78B7}.Debug|Any CPU.Build.0 = Debug|Any CPU
		{FA845012-C10E-4678-B61E-5FABFC1A78B7}.Release|Any CPU.ActiveCfg = Release|Any CPU
		{FA845012-C10E-4678-B61E-5FABFC1A78B7}.Release|Any CPU.Build.0 = Release|Any CPU
		{21FB5A9B-57A2-4030-858F-A1374E001115}.Debug|Any CPU.ActiveCfg = Debug|Any CPU
		{21FB5A9B-57A2-4030-858F-A1374E001115}.Debug|Any CPU.Build.0 = Debug|Any CPU
		{21FB5A9B-57A2-4030-858F-A1374E001115}.Release|Any CPU.ActiveCfg = Release|Any CPU
		{21FB5A9B-57A2-4030-858F-A1374E001115}.Release|Any CPU.Build.0 = Release|Any CPU
	EndGlobalSection
	GlobalSection(SolutionProperties) = preSolution
		HideSolutionNode = FALSE
	EndGlobalSection
	GlobalSection(ExtensibilityGlobals) = postSolution
		SolutionGuid = {789814FE-681D-4987-8B65-2DD5982C149A}
	EndGlobalSection
EndGlobal
